
Microsoft Visual Studio Solution File, Format Version 12.00
# Visual Studio Version 16
VisualStudioVersion = 16.0.29728.190
MinimumVisualStudioVersion = 10.0.40219.1
Project("{FAE04EC0-301F-11D3-BF4B-00C04F79EFBC}") = "Hello Dungeon", "Hello Dungeon\Hello Dungeon.csproj", "{D6386423-6653-427C-A8E0-387244E2ADDD}"
EndProject
Global
	GlobalSection(SolutionConfigurationPlatforms) = preSolution
		Debug|Any CPU = Debug|Any CPU
		Release|Any CPU = Release|Any CPU
	EndGlobalSection
	GlobalSection(ProjectConfigurationPlatforms) = postSolution
		{D6386423-6653-427C-A8E0-387244E2ADDD}.Debug|Any CPU.ActiveCfg = Debug|Any CPU
		{D6386423-6653-427C-A8E0-387244E2ADDD}.Debug|Any CPU.Build.0 = Debug|Any CPU
		{D6386423-6653-427C-A8E0-387244E2ADDD}.Release|Any CPU.ActiveCfg = Release|Any CPU
		{D6386423-6653-427C-A8E0-387244E2ADDD}.Release|Any CPU.Build.0 = Release|Any CPU
	EndGlobalSection
	GlobalSection(SolutionProperties) = preSolution
		HideSolutionNode = FALSE
	EndGlobalSection
	GlobalSection(ExtensibilityGlobals) = postSolution
		SolutionGuid = {EBA32D76-5185-437A-B9A5-66D3B94DD942}
	EndGlobalSection
EndGlobal
